
Microsoft Visual Studio Solution File, Format Version 12.00
# Visual Studio Version 17
VisualStudioVersion = 17.4.33213.308
MinimumVisualStudioVersion = 10.0.40219.1
Project("{FAE04EC0-301F-11D3-BF4B-00C04F79EFBC}") = "TourDeOpole.Android", "TourDeOpole\TourDeOpole.Android\TourDeOpole.Android.csproj", "{B11BEA2B-52A9-4F70-8742-33C7624DDB8B}"
EndProject
Project("{FAE04EC0-301F-11D3-BF4B-00C04F79EFBC}") = "TourDeOpole.iOS", "TourDeOpole\TourDeOpole.iOS\TourDeOpole.iOS.csproj", "{9C1945F5-EE91-469C-8032-4652343A0770}"
EndProject
Project("{FAE04EC0-301F-11D3-BF4B-00C04F79EFBC}") = "TourDeOpole", "TourDeOpole\TourDeOpole\TourDeOpole.csproj", "{97174C43-A6B3-49FC-8F10-AAA1847D2A5D}"
EndProject
Global
	GlobalSection(SolutionConfigurationPlatforms) = preSolution
		Debug|Any CPU = Debug|Any CPU
		Debug|iPhone = Debug|iPhone
		Debug|iPhoneSimulator = Debug|iPhoneSimulator
		Release|Any CPU = Release|Any CPU
		Release|iPhone = Release|iPhone
		Release|iPhoneSimulator = Release|iPhoneSimulator
	EndGlobalSection
	GlobalSection(ProjectConfigurationPlatforms) = postSolution
		{B11BEA2B-52A9-4F70-8742-33C7624DDB8B}.Debug|Any CPU.ActiveCfg = Debug|Any CPU
		{B11BEA2B-52A9-4F70-8742-33C7624DDB8B}.Debug|Any CPU.Build.0 = Debug|Any CPU
		{B11BEA2B-52A9-4F70-8742-33C7624DDB8B}.Debug|Any CPU.Deploy.0 = Debug|Any CPU
		{B11BEA2B-52A9-4F70-8742-33C7624DDB8B}.Debug|iPhone.ActiveCfg = Debug|Any CPU
		{B11BEA2B-52A9-4F70-8742-33C7624DDB8B}.Debug|iPhone.Build.0 = Debug|Any CPU
		{B11BEA2B-52A9-4F70-8742-33C7624DDB8B}.Debug|iPhone.Deploy.0 = Debug|Any CPU
		{B11BEA2B-52A9-4F70-8742-33C7624DDB8B}.Debug|iPhoneSimulator.ActiveCfg = Debug|Any CPU
		{B11BEA2B-52A9-4F70-8742-33C7624DDB8B}.Debug|iPhoneSimulator.Build.0 = Debug|Any CPU
		{B11BEA2B-52A9-4F70-8742-33C7624DDB8B}.Debug|iPhoneSimulator.Deploy.0 = Debug|Any CPU
		{B11BEA2B-52A9-4F70-8742-33C7624DDB8B}.Release|Any CPU.ActiveCfg = Release|Any CPU
		{B11BEA2B-52A9-4F70-8742-33C7624DDB8B}.Release|Any CPU.Build.0 = Release|Any CPU
		{B11BEA2B-52A9-4F70-8742-33C7624DDB8B}.Release|Any CPU.Deploy.0 = Release|Any CPU
		{B11BEA2B-52A9-4F70-8742-33C7624DDB8B}.Release|iPhone.ActiveCfg = Release|Any CPU
		{B11BEA2B-52A9-4F70-8742-33C7624DDB8B}.Release|iPhone.Build.0 = Release|Any CPU
		{B11BEA2B-52A9-4F70-8742-33C7624DDB8B}.Release|iPhone.Deploy.0 = Release|Any CPU
		{B11BEA2B-52A9-4F70-8742-33C7624DDB8B}.Release|iPhoneSimulator.ActiveCfg = Release|Any CPU
		{B11BEA2B-52A9-4F70-8742-33C7624DDB8B}.Release|iPhoneSimulator.Build.0 = Release|Any CPU
		{B11BEA2B-52A9-4F70-8742-33C7624DDB8B}.Release|iPhoneSimulator.Deploy.0 = Release|Any CPU
		{9C1945F5-EE91-469C-8032-4652343A0770}.Debug|Any CPU.ActiveCfg = Debug|iPhone
		{9C1945F5-EE91-469C-8032-4652343A0770}.Debug|Any CPU.Build.0 = Debug|iPhone
		{9C1945F5-EE91-469C-8032-4652343A0770}.Debug|Any CPU.Deploy.0 = Debug|iPhone
		{9C1945F5-EE91-469C-8032-4652343A0770}.Debug|iPhone.ActiveCfg = Debug|iPhone
		{9C1945F5-EE91-469C-8032-4652343A0770}.Debug|iPhone.Build.0 = Debug|iPhone
		{9C1945F5-EE91-469C-8032-4652343A0770}.Debug|iPhone.Deploy.0 = Debug|iPhone
		{9C1945F5-EE91-469C-8032-4652343A0770}.Debug|iPhoneSimulator.ActiveCfg = Debug|iPhoneSimulator
		{9C1945F5-EE91-469C-8032-4652343A0770}.Debug|iPhoneSimulator.Build.0 = Debug|iPhoneSimulator
		{9C1945F5-EE91-469C-8032-4652343A0770}.Debug|iPhoneSimulator.Deploy.0 = Debug|iPhoneSimulator
		{9C1945F5-EE91-469C-8032-4652343A0770}.Release|Any CPU.ActiveCfg = Release|iPhoneSimulator
		{9C1945F5-EE91-469C-8032-4652343A0770}.Release|Any CPU.Build.0 = Release|iPhoneSimulator
		{9C1945F5-EE91-469C-8032-4652343A0770}.Release|Any CPU.Deploy.0 = Release|iPhoneSimulator
		{9C1945F5-EE91-469C-8032-4652343A0770}.Release|iPhone.ActiveCfg = Release|iPhone
		{9C1945F5-EE91-469C-8032-4652343A0770}.Release|iPhone.Build.0 = Release|iPhone
		{9C1945F5-EE91-469C-8032-4652343A0770}.Release|iPhone.Deploy.0 = Release|iPhone
		{9C1945F5-EE91-469C-8032-4652343A0770}.Release|iPhoneSimulator.ActiveCfg = Release|iPhoneSimulator
		{9C1945F5-EE91-469C-8032-4652343A0770}.Release|iPhoneSimulator.Build.0 = Release|iPhoneSimulator
		{9C1945F5-EE91-469C-8032-4652343A0770}.Release|iPhoneSimulator.Deploy.0 = Release|iPhoneSimulator
		{97174C43-A6B3-49FC-8F10-AAA1847D2A5D}.Debug|Any CPU.ActiveCfg = Debug|Any CPU
		{97174C43-A6B3-49FC-8F10-AAA1847D2A5D}.Debug|Any CPU.Build.0 = Debug|Any CPU
		{97174C43-A6B3-49FC-8F10-AAA1847D2A5D}.Debug|Any CPU.Deploy.0 = Debug|Any CPU
		{97174C43-A6B3-49FC-8F10-AAA1847D2A5D}.Debug|iPhone.ActiveCfg = Debug|Any CPU
		{97174C43-A6B3-49FC-8F10-AAA1847D2A5D}.Debug|iPhone.Build.0 = Debug|Any CPU
		{97174C43-A6B3-49FC-8F10-AAA1847D2A5D}.Debug|iPhone.Deploy.0 = Debug|Any CPU
		{97174C43-A6B3-49FC-8F10-AAA1847D2A5D}.Debug|iPhoneSimulator.ActiveCfg = Debug|Any CPU
		{97174C43-A6B3-49FC-8F10-AAA1847D2A5D}.Debug|iPhoneSimulator.Build.0 = Debug|Any CPU
		{97174C43-A6B3-49FC-8F10-AAA1847D2A5D}.Debug|iPhoneSimulator.Deploy.0 = Debug|Any CPU
		{97174C43-A6B3-49FC-8F10-AAA1847D2A5D}.Release|Any CPU.ActiveCfg = Release|Any CPU
		{97174C43-A6B3-49FC-8F10-AAA1847D2A5D}.Release|Any CPU.Build.0 = Release|Any CPU
		{97174C43-A6B3-49FC-8F10-AAA1847D2A5D}.Release|Any CPU.Deploy.0 = Release|Any CPU
		{97174C43-A6B3-49FC-8F10-AAA1847D2A5D}.Release|iPhone.ActiveCfg = Release|Any CPU
		{97174C43-A6B3-49FC-8F10-AAA1847D2A5D}.Release|iPhone.Build.0 = Release|Any CPU
		{97174C43-A6B3-49FC-8F10-AAA1847D2A5D}.Release|iPhone.Deploy.0 = Release|Any CPU
		{97174C43-A6B3-49FC-8F10-AAA1847D2A5D}.Release|iPhoneSimulator.ActiveCfg = Release|Any CPU
		{97174C43-A6B3-49FC-8F10-AAA1847D2A5D}.Release|iPhoneSimulator.Build.0 = Release|Any CPU
		{97174C43-A6B3-49FC-8F10-AAA1847D2A5D}.Release|iPhoneSimulator.Deploy.0 = Release|Any CPU
	EndGlobalSection
	GlobalSection(SolutionProperties) = preSolution
		HideSolutionNode = FALSE
	EndGlobalSection
	GlobalSection(ExtensibilityGlobals) = postSolution
		SolutionGuid = {4B691D12-4E3D-4703-B315-DAF409E5B2C7}
	EndGlobalSection
EndGlobal
